name: update-flake-lock

on:
    workflow_dispatch:
    push:
        paths:
            - "flake.nix"

jobs:
    update-flake-lock:
        name: "Update flake.lock"
        runs-on: ubuntu-latest
        permissions:
            contents: write
        steps:
            - name: Checkout
              uses: actions/checkout@v6.0.1

            - name: Install Nix
              uses: cachix/install-nix-action@v31
              with:
                  nix_path: nixpkgs=channel:nixos-unstable
                  extra_nix_config: |
                      experimental-features = nix-command flakes

            - name: Generate flake.lock
              run: nix flake lock

            - name: Commit flake.lock
              uses: stefanzweifel/git-auto-commit-action@v5
              with:
                  commit_message: "chore: update flake.lock"
                  file_pattern: flake.lock
